Microsoft Visual Studio Solution File, Format Version 12.00
# Visual Studio Version 18
VisualStudioVersion = 18.0.11222.15
MinimumVisualStudioVersion = 10.0.40219.1
Project("{2150E333-8FDC-42A3-9474-1A3956D46DE8}") = "Solution Items", "Solution Items", "{8EC462FD-D22E-90A8-E5CE-7E832BA40C5D}"
	ProjectSection(SolutionItems) = preProject
		.gitattributes = .gitattributes
		.gitignore = .gitignore
		.github\workflows\aws.yml = .github\workflows\aws.yml
		.github\workflows\dotnet.yml = .github\workflows\dotnet.yml
		.aws\prop-cluster7.json = .aws\prop-cluster7.json
	EndProjectSection
EndProject
Project("{9A19103F-16F7-4668-BE54-9A1E7A4F7556}") = "Reparo.Client", "Reparo.Client\Reparo.Client.csproj", "{2E799F13-7219-B872-6401-9371AEBA796E}"
EndProject
Project("{9A19103F-16F7-4668-BE54-9A1E7A4F7556}") = "Reparo.Host", "Reparo.Host\Reparo.Host.csproj", "{0037B7A6-05BD-AB0B-9B43-F8AEF9AEFE84}"
EndProject
Project("{2150E333-8FDC-42A3-9474-1A3956D46DE8}") = "Misc", "Misc", "{95A67A82-D49E-47B2-9F76-BB3A3D9BEEDA}"
EndProject
Project("{FAE04EC0-301F-11D3-BF4B-00C04F79EFBC}") = "Reparo.Client.Services", "Reparo.Services\Reparo.Client.Services\Reparo.Client.Services.csproj", "{E838CE4D-3346-4BDD-CE75-E09394EA8FE1}"
EndProject
Project("{FAE04EC0-301F-11D3-BF4B-00C04F79EFBC}") = "Reparo.Services", "Reparo.Services\Reparo.Shared.Services\Reparo.Services.csproj", "{60AB8AFB-E5DE-388B-DE15-EF29F847A289}"
EndProject
Project("{FAE04EC0-301F-11D3-BF4B-00C04F79EFBC}") = "Reparo.TestProject", "Misc\TestProject\Reparo.TestProject.csproj", "{FF844181-DA1D-0983-ED39-6D04750F52EC}"
EndProject
Project("{FAE04EC0-301F-11D3-BF4B-00C04F79EFBC}") = "Reparo.Utilities", "Misc\Utilities\Reparo.Utilities.csproj", "{5BA49047-4F91-92C8-9C18-73D6CAC60A41}"
EndProject
Project("{FAE04EC0-301F-11D3-BF4B-00C04F79EFBC}") = "Reparo.Models", "Reparo.Models\Reparo.Models.csproj", "{620F8E95-75C2-DD16-3DA3-F2AD205A7B7C}"
EndProject
Project("{FAE04EC0-301F-11D3-BF4B-00C04F79EFBC}") = "Reparo.Client.Components", "Reparo.Client.Components\Reparo.Client.Components.csproj", "{E115556E-2F61-D834-B938-FA75114E3119}"
EndProject
Global
	GlobalSection(SolutionConfigurationPlatforms) = preSolution
		Debug|Any CPU = Debug|Any CPU
		Release|Any CPU = Release|Any CPU
	EndGlobalSection
	GlobalSection(ProjectConfigurationPlatforms) = postSolution
		{2E799F13-7219-B872-6401-9371AEBA796E}.Debug|Any CPU.ActiveCfg = Debug|Any CPU
		{2E799F13-7219-B872-6401-9371AEBA796E}.Debug|Any CPU.Build.0 = Debug|Any CPU
		{2E799F13-7219-B872-6401-9371AEBA796E}.Release|Any CPU.ActiveCfg = Release|Any CPU
		{2E799F13-7219-B872-6401-9371AEBA796E}.Release|Any CPU.Build.0 = Release|Any CPU
		{0037B7A6-05BD-AB0B-9B43-F8AEF9AEFE84}.Debug|Any CPU.ActiveCfg = Debug|Any CPU
		{0037B7A6-05BD-AB0B-9B43-F8AEF9AEFE84}.Debug|Any CPU.Build.0 = Debug|Any CPU
		{0037B7A6-05BD-AB0B-9B43-F8AEF9AEFE84}.Release|Any CPU.ActiveCfg = Release|Any CPU
		{0037B7A6-05BD-AB0B-9B43-F8AEF9AEFE84}.Release|Any CPU.Build.0 = Release|Any CPU
		{E838CE4D-3346-4BDD-CE75-E09394EA8FE1}.Debug|Any CPU.ActiveCfg = Debug|Any CPU
		{E838CE4D-3346-4BDD-CE75-E09394EA8FE1}.Debug|Any CPU.Build.0 = Debug|Any CPU
		{E838CE4D-3346-4BDD-CE75-E09394EA8FE1}.Release|Any CPU.ActiveCfg = Release|Any CPU
		{E838CE4D-3346-4BDD-CE75-E09394EA8FE1}.Release|Any CPU.Build.0 = Release|Any CPU
		{60AB8AFB-E5DE-388B-DE15-EF29F847A289}.Debug|Any CPU.ActiveCfg = Debug|Any CPU
		{60AB8AFB-E5DE-388B-DE15-EF29F847A289}.Debug|Any CPU.Build.0 = Debug|Any CPU
		{60AB8AFB-E5DE-388B-DE15-EF29F847A289}.Release|Any CPU.ActiveCfg = Release|Any CPU
		{60AB8AFB-E5DE-388B-DE15-EF29F847A289}.Release|Any CPU.Build.0 = Release|Any CPU
		{FF844181-DA1D-0983-ED39-6D04750F52EC}.Debug|Any CPU.ActiveCfg = Debug|Any CPU
		{FF844181-DA1D-0983-ED39-6D04750F52EC}.Debug|Any CPU.Build.0 = Debug|Any CPU
		{FF844181-DA1D-0983-ED39-6D04750F52EC}.Release|Any CPU.ActiveCfg = Release|Any CPU
		{FF844181-DA1D-0983-ED39-6D04750F52EC}.Release|Any CPU.Build.0 = Release|Any CPU
		{5BA49047-4F91-92C8-9C18-73D6CAC60A41}.Debug|Any CPU.ActiveCfg = Debug|Any CPU
		{5BA49047-4F91-92C8-9C18-73D6CAC60A41}.Debug|Any CPU.Build.0 = Debug|Any CPU
		{5BA49047-4F91-92C8-9C18-73D6CAC60A41}.Release|Any CPU.ActiveCfg = Release|Any CPU
		{5BA49047-4F91-92C8-9C18-73D6CAC60A41}.Release|Any CPU.Build.0 = Release|Any CPU
		{620F8E95-75C2-DD16-3DA3-F2AD205A7B7C}.Debug|Any CPU.ActiveCfg = Debug|Any CPU
		{620F8E95-75C2-DD16-3DA3-F2AD205A7B7C}.Debug|Any CPU.Build.0 = Debug|Any CPU
		{620F8E95-75C2-DD16-3DA3-F2AD205A7B7C}.Release|Any CPU.ActiveCfg = Release|Any CPU
		{620F8E95-75C2-DD16-3DA3-F2AD205A7B7C}.Release|Any CPU.Build.0 = Release|Any CPU
		{E115556E-2F61-D834-B938-FA75114E3119}.Debug|Any CPU.ActiveCfg = Debug|Any CPU
		{E115556E-2F61-D834-B938-FA75114E3119}.Debug|Any CPU.Build.0 = Debug|Any CPU
		{E115556E-2F61-D834-B938-FA75114E3119}.Release|Any CPU.ActiveCfg = Release|Any CPU
		{E115556E-2F61-D834-B938-FA75114E3119}.Release|Any CPU.Build.0 = Release|Any CPU
	EndGlobalSection
	GlobalSection(SolutionProperties) = preSolution
		HideSolutionNode = FALSE
	EndGlobalSection
	GlobalSection(NestedProjects) = preSolution
		{FF844181-DA1D-0983-ED39-6D04750F52EC} = {95A67A82-D49E-47B2-9F76-BB3A3D9BEEDA}
		{5BA49047-4F91-92C8-9C18-73D6CAC60A41} = {95A67A82-D49E-47B2-9F76-BB3A3D9BEEDA}
	EndGlobalSection
	GlobalSection(ExtensibilityGlobals) = postSolution
		SolutionGuid = {BF1F723B-E656-41F8-9D68-A081D26E4735}
	EndGlobalSection
EndGlobal
